
Microsoft Visual Studio Solution File, Format Version 12.00
# Visual Studio Version 16
VisualStudioVersion = 16.0.30517.126
MinimumVisualStudioVersion = 10.0.40219.1
Project("{9A19103F-16F7-4668-BE54-9A1E7A4F7556}") = "RoleQueue", "RoleQueue\RoleQueue.csproj", "{8DA3B0C8-BA7C-4580-9EE4-7B6FF4F08C94}"
EndProject
Project("{FAE04EC0-301F-11D3-BF4B-00C04F79EFBC}") = "RoleQueue.WPF", "RoleQueue.WPF\RoleQueue.WPF.csproj", "{30B62417-AE5E-49A3-81E7-2B4B19BA0E94}"
EndProject
Global
	GlobalSection(SolutionConfigurationPlatforms) = preSolution
		Debug|Any CPU = Debug|Any CPU
		Release|Any CPU = Release|Any CPU
	EndGlobalSection
	GlobalSection(ProjectConfigurationPlatforms) = postSolution
		{8DA3B0C8-BA7C-4580-9EE4-7B6FF4F08C94}.Debug|Any CPU.ActiveCfg = Debug|Any CPU
		{8DA3B0C8-BA7C-4580-9EE4-7B6FF4F08C94}.Debug|Any CPU.Build.0 = Debug|Any CPU
		{8DA3B0C8-BA7C-4580-9EE4-7B6FF4F08C94}.Release|Any CPU.ActiveCfg = Release|Any CPU
		{8DA3B0C8-BA7C-4580-9EE4-7B6FF4F08C94}.Release|Any CPU.Build.0 = Release|Any CPU
		{30B62417-AE5E-49A3-81E7-2B4B19BA0E94}.Debug|Any CPU.ActiveCfg = Debug|Any CPU
		{30B62417-AE5E-49A3-81E7-2B4B19BA0E94}.Debug|Any CPU.Build.0 = Debug|Any CPU
		{30B62417-AE5E-49A3-81E7-2B4B19BA0E94}.Release|Any CPU.ActiveCfg = Release|Any CPU
		{30B62417-AE5E-49A3-81E7-2B4B19BA0E94}.Release|Any CPU.Build.0 = Release|Any CPU
	EndGlobalSection
	GlobalSection(SolutionProperties) = preSolution
		HideSolutionNode = FALSE
	EndGlobalSection
	GlobalSection(ExtensibilityGlobals) = postSolution
		SolutionGuid = {65304B53-82EC-428C-B533-76C50F219A6E}
	EndGlobalSection
EndGlobal
